
Microsoft Visual Studio Solution File, Format Version 12.00
# Visual Studio 15
VisualStudioVersion = 15.0.27703.2000
MinimumVisualStudioVersion = 10.0.40219.1
Project("{9A19103F-16F7-4668-BE54-9A1E7A4F7556}") = "EncryptionKeyManager", "EncryptionKeyManager\EncryptionKeyManager.csproj", "{4816CAD2-1106-4F03-8868-6607E3368FED}"
EndProject
Global
	GlobalSection(SolutionConfigurationPlatforms) = preSolution
		Debug|Any CPU = Debug|Any CPU
		Release|Any CPU = Release|Any CPU
	EndGlobalSection
	GlobalSection(ProjectConfigurationPlatforms) = postSolution
		{4816CAD2-1106-4F03-8868-6607E3368FED}.Debug|Any CPU.ActiveCfg = Debug|Any CPU
		{4816CAD2-1106-4F03-8868-6607E3368FED}.Debug|Any CPU.Build.0 = Debug|Any CPU
		{4816CAD2-1106-4F03-8868-6607E3368FED}.Release|Any CPU.ActiveCfg = Release|Any CPU
		{4816CAD2-1106-4F03-8868-6607E3368FED}.Release|Any CPU.Build.0 = Release|Any CPU
	EndGlobalSection
	GlobalSection(SolutionProperties) = preSolution
		HideSolutionNode = FALSE
	EndGlobalSection
	GlobalSection(ExtensibilityGlobals) = postSolution
		SolutionGuid = {E6082710-5E2A-4BD5-9E4D-B7EAD60CE280}
	EndGlobalSection
EndGlobal
